
Microsoft Visual Studio Solution File, Format Version 12.00
# Visual Studio Version 17
VisualStudioVersion = 17.2.32630.192
MinimumVisualStudioVersion = 10.0.40219.1
Project("{9A19103F-16F7-4668-BE54-9A1E7A4F7556}") = "entiframe", "EF\entiframe.csproj", "{22A67F85-D5C9-42B7-99B1-947E49735F98}"
EndProject
Global
	GlobalSection(SolutionConfigurationPlatforms) = preSolution
		Debug|Any CPU = Debug|Any CPU
		Release|Any CPU = Release|Any CPU
	EndGlobalSection
	GlobalSection(ProjectConfigurationPlatforms) = postSolution
		{22A67F85-D5C9-42B7-99B1-947E49735F98}.Debug|Any CPU.ActiveCfg = Debug|Any CPU
		{22A67F85-D5C9-42B7-99B1-947E49735F98}.Debug|Any CPU.Build.0 = Debug|Any CPU
		{22A67F85-D5C9-42B7-99B1-947E49735F98}.Release|Any CPU.ActiveCfg = Release|Any CPU
		{22A67F85-D5C9-42B7-99B1-947E49735F98}.Release|Any CPU.Build.0 = Release|Any CPU
	EndGlobalSection
	GlobalSection(SolutionProperties) = preSolution
		HideSolutionNode = FALSE
	EndGlobalSection
	GlobalSection(ExtensibilityGlobals) = postSolution
		SolutionGuid = {378CB631-5AA9-4128-A800-D03253F08466}
	EndGlobalSection
EndGlobal
